
Microsoft Visual Studio Solution File, Format Version 12.00
# Visual Studio 2013
VisualStudioVersion = 12.0.40629.0
MinimumVisualStudioVersion = 10.0.40219.1
Project("{2150E333-8FDC-42A3-9474-1A3956D46DE8}") = "0-UI", "0-UI", "{7F48D757-1729-43A6-AF48-C31B006AAD15}"
EndProject
Project("{FAE04EC0-301F-11D3-BF4B-00C04F79EFBC}") = "LY.WeiXin.Common", "LY.WeiXin.Common\LY.WeiXin.Common.csproj", "{A912589F-8C09-4799-9B7D-83939358611C}"
EndProject
Project("{FAE04EC0-301F-11D3-BF4B-00C04F79EFBC}") = "LY.WeiXin.WeiXinModels", "LY.WeiXin.WeiXinModels\LY.WeiXin.WeiXinModels.csproj", "{C4278430-F701-4AE7-8E16-43D49454BD19}"
EndProject
Project("{2150E333-8FDC-42A3-9474-1A3956D46DE8}") = "4-Models", "4-Models", "{281DD3DC-3BEA-4D14-A359-5F573BF622A2}"
EndProject
Project("{FAE04EC0-301F-11D3-BF4B-00C04F79EFBC}") = "LY.WeiXin.BusinessModels", "LY.WeiXin.BusinessModels\LY.WeiXin.BusinessModels.csproj", "{8C3D1A34-7795-47AA-B5DB-45ECAD2D6ACD}"
EndProject
Project("{2150E333-8FDC-42A3-9474-1A3956D46DE8}") = "5-Shared", "5-Shared", "{6062E335-C26D-465B-9497-10970376FCB9}"
EndProject
Project("{2150E333-8FDC-42A3-9474-1A3956D46DE8}") = "3-DAL", "3-DAL", "{FD418BD9-5058-43CD-9685-B944D9A710CF}"
EndProject
Project("{FAE04EC0-301F-11D3-BF4B-00C04F79EFBC}") = "LY.WeiXin.IDAL", "LY.WeiXin.IDAL\LY.WeiXin.IDAL.csproj", "{99E840ED-769C-406B-84FE-43AB2A9C1AEE}"
EndProject
Project("{FAE04EC0-301F-11D3-BF4B-00C04F79EFBC}") = "LY.WeiXin.EFDAL", "LY.WeiXin.EFDAL\LY.WeiXin.EFDAL.csproj", "{22D55616-FFF7-4E8B-8B7C-92D3742374F5}"
EndProject
Project("{2150E333-8FDC-42A3-9474-1A3956D46DE8}") = "6-test", "6-test", "{24FD2AAD-4DF2-4A39-A26A-CF276DF042B3}"
EndProject
Project("{FAE04EC0-301F-11D3-BF4B-00C04F79EFBC}") = "LY.WeiXin.EFDALTest", "LY.WeiXin.EFDALTest\LY.WeiXin.EFDALTest.csproj", "{4E8E8A3A-2F25-4ED4-B98A-F67E0DA8176C}"
EndProject
Project("{FAE04EC0-301F-11D3-BF4B-00C04F79EFBC}") = "LY.WeiXin.Common.Test", "LY.WeiXin.Common.Test\LY.WeiXin.Common.Test.csproj", "{D40FD197-4F73-4219-B4A3-E2773BBC9D99}"
EndProject
Project("{FAE04EC0-301F-11D3-BF4B-00C04F79EFBC}") = "LY.WeiXin.App", "LY.WeiXin.App\LY.WeiXin.App.csproj", "{64495308-5061-4BA5-9806-275A99977F31}"
EndProject
Global
	GlobalSection(SolutionConfigurationPlatforms) = preSolution
		Debug|Any CPU = Debug|Any CPU
		Release|Any CPU = Release|Any CPU
	EndGlobalSection
	GlobalSection(ProjectConfigurationPlatforms) = postSolution
		{A912589F-8C09-4799-9B7D-83939358611C}.Debug|Any CPU.ActiveCfg = Debug|Any CPU
		{A912589F-8C09-4799-9B7D-83939358611C}.Debug|Any CPU.Build.0 = Debug|Any CPU
		{A912589F-8C09-4799-9B7D-83939358611C}.Release|Any CPU.ActiveCfg = Release|Any CPU
		{A912589F-8C09-4799-9B7D-83939358611C}.Release|Any CPU.Build.0 = Release|Any CPU
		{C4278430-F701-4AE7-8E16-43D49454BD19}.Debug|Any CPU.ActiveCfg = Debug|Any CPU
		{C4278430-F701-4AE7-8E16-43D49454BD19}.Debug|Any CPU.Build.0 = Debug|Any CPU
		{C4278430-F701-4AE7-8E16-43D49454BD19}.Release|Any CPU.ActiveCfg = Release|Any CPU
		{C4278430-F701-4AE7-8E16-43D49454BD19}.Release|Any CPU.Build.0 = Release|Any CPU
		{8C3D1A34-7795-47AA-B5DB-45ECAD2D6ACD}.Debug|Any CPU.ActiveCfg = Debug|Any CPU
		{8C3D1A34-7795-47AA-B5DB-45ECAD2D6ACD}.Debug|Any CPU.Build.0 = Debug|Any CPU
		{8C3D1A34-7795-47AA-B5DB-45ECAD2D6ACD}.Release|Any CPU.ActiveCfg = Release|Any CPU
		{8C3D1A34-7795-47AA-B5DB-45ECAD2D6ACD}.Release|Any CPU.Build.0 = Release|Any CPU
		{99E840ED-769C-406B-84FE-43AB2A9C1AEE}.Debug|Any CPU.ActiveCfg = Debug|Any CPU
		{99E840ED-769C-406B-84FE-43AB2A9C1AEE}.Debug|Any CPU.Build.0 = Debug|Any CPU
		{99E840ED-769C-406B-84FE-43AB2A9C1AEE}.Release|Any CPU.ActiveCfg = Release|Any CPU
		{99E840ED-769C-406B-84FE-43AB2A9C1AEE}.Release|Any CPU.Build.0 = Release|Any CPU
		{22D55616-FFF7-4E8B-8B7C-92D3742374F5}.Debug|Any CPU.ActiveCfg = Debug|Any CPU
		{22D55616-FFF7-4E8B-8B7C-92D3742374F5}.Debug|Any CPU.Build.0 = Debug|Any CPU
		{22D55616-FFF7-4E8B-8B7C-92D3742374F5}.Release|Any CPU.ActiveCfg = Release|Any CPU
		{22D55616-FFF7-4E8B-8B7C-92D3742374F5}.Release|Any CPU.Build.0 = Release|Any CPU
		{4E8E8A3A-2F25-4ED4-B98A-F67E0DA8176C}.Debug|Any CPU.ActiveCfg = Debug|Any CPU
		{4E8E8A3A-2F25-4ED4-B98A-F67E0DA8176C}.Debug|Any CPU.Build.0 = Debug|Any CPU
		{4E8E8A3A-2F25-4ED4-B98A-F67E0DA8176C}.Release|Any CPU.ActiveCfg = Release|Any CPU
		{4E8E8A3A-2F25-4ED4-B98A-F67E0DA8176C}.Release|Any CPU.Build.0 = Release|Any CPU
		{D40FD197-4F73-4219-B4A3-E2773BBC9D99}.Debug|Any CPU.ActiveCfg = Debug|Any CPU
		{D40FD197-4F73-4219-B4A3-E2773BBC9D99}.Debug|Any CPU.Build.0 = Debug|Any CPU
		{D40FD197-4F73-4219-B4A3-E2773BBC9D99}.Release|Any CPU.ActiveCfg = Release|Any CPU
		{D40FD197-4F73-4219-B4A3-E2773BBC9D99}.Release|Any CPU.Build.0 = Release|Any CPU
		{64495308-5061-4BA5-9806-275A99977F31}.Debug|Any CPU.ActiveCfg = Debug|Any CPU
		{64495308-5061-4BA5-9806-275A99977F31}.Debug|Any CPU.Build.0 = Debug|Any CPU
		{64495308-5061-4BA5-9806-275A99977F31}.Release|Any CPU.ActiveCfg = Release|Any CPU
		{64495308-5061-4BA5-9806-275A99977F31}.Release|Any CPU.Build.0 = Release|Any CPU
	EndGlobalSection
	GlobalSection(SolutionProperties) = preSolution
		HideSolutionNode = FALSE
	EndGlobalSection
	GlobalSection(NestedProjects) = preSolution
		{A912589F-8C09-4799-9B7D-83939358611C} = {6062E335-C26D-465B-9497-10970376FCB9}
		{C4278430-F701-4AE7-8E16-43D49454BD19} = {281DD3DC-3BEA-4D14-A359-5F573BF622A2}
		{8C3D1A34-7795-47AA-B5DB-45ECAD2D6ACD} = {281DD3DC-3BEA-4D14-A359-5F573BF622A2}
		{99E840ED-769C-406B-84FE-43AB2A9C1AEE} = {FD418BD9-5058-43CD-9685-B944D9A710CF}
		{22D55616-FFF7-4E8B-8B7C-92D3742374F5} = {FD418BD9-5058-43CD-9685-B944D9A710CF}
		{4E8E8A3A-2F25-4ED4-B98A-F67E0DA8176C} = {24FD2AAD-4DF2-4A39-A26A-CF276DF042B3}
		{D40FD197-4F73-4219-B4A3-E2773BBC9D99} = {24FD2AAD-4DF2-4A39-A26A-CF276DF042B3}
		{64495308-5061-4BA5-9806-275A99977F31} = {7F48D757-1729-43A6-AF48-C31B006AAD15}
	EndGlobalSection
EndGlobal
